
Microsoft Visual Studio Solution File, Format Version 12.00
# Visual Studio 15
VisualStudioVersion = 15.0.26228.9
MinimumVisualStudioVersion = 10.0.40219.1
Project("{FAE04EC0-301F-11D3-BF4B-00C04F79EFBC}") = "Xamarin.Alarme", "Xamarin.Alarme\Xamarin.Alarme.csproj", "{30979173-C993-43EC-95A6-EA5A3F4BB537}"
EndProject
Global
	GlobalSection(SolutionConfigurationPlatforms) = preSolution
		Debug|Any CPU = Debug|Any CPU
		Release|Any CPU = Release|Any CPU
	EndGlobalSection
	GlobalSection(ProjectConfigurationPlatforms) = postSolution
		{30979173-C993-43EC-95A6-EA5A3F4BB537}.Debug|Any CPU.ActiveCfg = Debug|Any CPU
		{30979173-C993-43EC-95A6-EA5A3F4BB537}.Debug|Any CPU.Build.0 = Debug|Any CPU
		{30979173-C993-43EC-95A6-EA5A3F4BB537}.Debug|Any CPU.Deploy.0 = Debug|Any CPU
		{30979173-C993-43EC-95A6-EA5A3F4BB537}.Release|Any CPU.ActiveCfg = Release|Any CPU
		{30979173-C993-43EC-95A6-EA5A3F4BB537}.Release|Any CPU.Build.0 = Release|Any CPU
		{30979173-C993-43EC-95A6-EA5A3F4BB537}.Release|Any CPU.Deploy.0 = Release|Any CPU
	EndGlobalSection
	GlobalSection(SolutionProperties) = preSolution
		HideSolutionNode = FALSE
	EndGlobalSection
EndGlobal
